
Microsoft Visual Studio Solution File, Format Version 12.00
# Visual Studio Version 17
VisualStudioVersion = 17.11.35222.181
MinimumVisualStudioVersion = 10.0.40219.1
Project("{FAE04EC0-301F-11D3-BF4B-00C04F79EFBC}") = "TwoPlayersTicTacToe", "TwoPlayersTicTacToe.csproj", "{EB8B7E35-119C-40E1-8F93-A2D359B8CCAC}"
EndProject
Global
	GlobalSection(SolutionConfigurationPlatforms) = preSolution
		Debug|Any CPU = Debug|Any CPU
		Release|Any CPU = Release|Any CPU
	EndGlobalSection
	GlobalSection(ProjectConfigurationPlatforms) = postSolution
		{EB8B7E35-119C-40E1-8F93-A2D359B8CCAC}.Debug|Any CPU.ActiveCfg = Debug|Any CPU
		{EB8B7E35-119C-40E1-8F93-A2D359B8CCAC}.Debug|Any CPU.Build.0 = Debug|Any CPU
		{EB8B7E35-119C-40E1-8F93-A2D359B8CCAC}.Release|Any CPU.ActiveCfg = Release|Any CPU
		{EB8B7E35-119C-40E1-8F93-A2D359B8CCAC}.Release|Any CPU.Build.0 = Release|Any CPU
	EndGlobalSection
	GlobalSection(SolutionProperties) = preSolution
		HideSolutionNode = FALSE
	EndGlobalSection
	GlobalSection(ExtensibilityGlobals) = postSolution
		SolutionGuid = {566193F6-2F9E-40B7-88D4-F21608BBA7C1}
	EndGlobalSection
EndGlobal
